
Microsoft Visual Studio Solution File, Format Version 12.00
# Visual Studio Version 16
VisualStudioVersion = 16.0.30907.101
MinimumVisualStudioVersion = 10.0.40219.1
Project("{FAE04EC0-301F-11D3-BF4B-00C04F79EFBC}") = "Identity.Web", "Identity.Web\Identity.Web.csproj", "{960C7BC7-3906-43A2-9B62-CD5507ED16A2}"
EndProject
Global
	GlobalSection(SolutionConfigurationPlatforms) = preSolution
		Debug|Any CPU = Debug|Any CPU
		Release|Any CPU = Release|Any CPU
	EndGlobalSection
	GlobalSection(ProjectConfigurationPlatforms) = postSolution
		{960C7BC7-3906-43A2-9B62-CD5507ED16A2}.Debug|Any CPU.ActiveCfg = Debug|Any CPU
		{960C7BC7-3906-43A2-9B62-CD5507ED16A2}.Debug|Any CPU.Build.0 = Debug|Any CPU
		{960C7BC7-3906-43A2-9B62-CD5507ED16A2}.Release|Any CPU.ActiveCfg = Release|Any CPU
		{960C7BC7-3906-43A2-9B62-CD5507ED16A2}.Release|Any CPU.Build.0 = Release|Any CPU
	EndGlobalSection
	GlobalSection(SolutionProperties) = preSolution
		HideSolutionNode = FALSE
	EndGlobalSection
	GlobalSection(ExtensibilityGlobals) = postSolution
		SolutionGuid = {F532EA9A-A671-483C-A884-432532BEC842}
	EndGlobalSection
EndGlobal
